{
  "name": "mars-cleanup-gate",
  "version": "1.0.0",
  "lockfileVersion": 3,
  "requires": true,
  "packages": {
    "": {
      "name": "mars-cleanup-gate",
      "version": "1.0.0",
      "devDependencies": {
        "playwright": "file:scripts/playwright-stub"
      }
    },
    "node_modules/playwright": {
      "resolved": "scripts/playwright-stub",
      "link": true
    },
    "scripts/playwright-stub": {
      "name": "playwright",
      "version": "1.55.1",
      "dev": true,
      "bin": {
        "playwright": "cli.js"
      }
    }
  }
}
